
Microsoft Visual Studio Solution File, Format Version 12.00
# Visual Studio Version 16
VisualStudioVersion = 16.0.30709.132
MinimumVisualStudioVersion = 10.0.40219.1
Project("{FAE04EC0-301F-11D3-BF4B-00C04F79EFBC}") = "ProtoLCA-Demo", "ProtoLCA-Demo.csproj", "{65E8CDFE-A974-448C-866F-E5B0FD8004B5}"
EndProject
Global
	GlobalSection(SolutionConfigurationPlatforms) = preSolution
		Debug|Any CPU = Debug|Any CPU
		Release|Any CPU = Release|Any CPU
	EndGlobalSection
	GlobalSection(ProjectConfigurationPlatforms) = postSolution
		{65E8CDFE-A974-448C-866F-E5B0FD8004B5}.Debug|Any CPU.ActiveCfg = Debug|Any CPU
		{65E8CDFE-A974-448C-866F-E5B0FD8004B5}.Debug|Any CPU.Build.0 = Debug|Any CPU
		{65E8CDFE-A974-448C-866F-E5B0FD8004B5}.Release|Any CPU.ActiveCfg = Release|Any CPU
		{65E8CDFE-A974-448C-866F-E5B0FD8004B5}.Release|Any CPU.Build.0 = Release|Any CPU
	EndGlobalSection
	GlobalSection(SolutionProperties) = preSolution
		HideSolutionNode = FALSE
	EndGlobalSection
	GlobalSection(ExtensibilityGlobals) = postSolution
		SolutionGuid = {2EBA183B-7B58-4625-97C1-94E1789827D8}
	EndGlobalSection
EndGlobal
